// !$*UTF8*$!
{
	archiveVersion = 1;
	classes = {
	};
	objectVersion = 46;
	objects = {

/* Begin PBXBuildFile section */
		A9A14C771EC30DC5000E28EE /* AppDelegate.swift in Sources */ = {isa = PBXBuildFile; fileRef = A9A14C761EC30DC5000E28EE /* AppDelegate.swift */; };
		A9A14C791EC30DC5000E28EE /* ViewController.swift in Sources */ = {isa = PBXBuildFile; fileRef = A9A14C781EC30DC5000E28EE /* ViewController.swift */; };
		A9A14C7C1EC30DC5000E28EE /* Main.storyboard in Resources */ = {isa = PBXBuildFile; fileRef = A9A14C7A1EC30DC5000E28EE /* Main.storyboard */; };
		A9A14C7F1EC30DC5000E28EE /* TutorialSourceTree.xcdatamodeld in Sources */ = {isa = PBXBuildFile; fileRef = A9A14C7D1EC30DC5000E28EE /* TutorialSourceTree.xcdatamodeld */; };
		A9A14C811EC30DC5000E28EE /* Assets.xcassets in Resources */ = {isa = PBXBuildFile; fileRef = A9A14C801EC30DC5000E28EE /* Assets.xcassets */; };
		A9A14C841EC30DC5000E28EE /* LaunchScreen.storyboard in Resources */ = {isa = PBXBuildFile; fileRef = A9A14C821EC30DC5000E28EE /* LaunchScreen.storyboard */; };
		A9A14C8F1EC30DC5000E28EE /* TutorialSourceTreeTests.swift in Sources */ = {isa = PBXBuildFile; fileRef = A9A14C8E1EC30DC5000E28EE /* TutorialSourceTreeTests.swift */; };
		A9A14C9A1EC30DC5000E28EE /* TutorialSourceTreeUITests.swift in Sources */ = {isa = PBXBuildFile; fileRef = A9A14C991EC30DC5000E28EE /* TutorialSourceTreeUITests.swift */; };
/* End PBXBuildFile section */

/* Begin PBXContainerItemProxy section */
		A9A14C8B1EC30DC5000E28EE /* PBXContainerItemProxy */ = {
			isa = PBXContainerItemProxy;
			containerPortal = A9A14C6B1EC30DC5000E28EE /* Project object */;
			proxyType = 1;
			remoteGlobalIDString = A9A14C721EC30DC5000E28EE;
			remoteInfo = TutorialSourceTree;
		};
		A9A14C961EC30DC5000E28EE /* PBXContainerItemProxy */ = {
			isa = PBXContainerItemProxy;
			containerPortal = A9A14C6B1EC30DC5000E28EE /* Project object */;
			proxyType = 1;
			remoteGlobalIDString = A9A14C721EC30DC5000E28EE;
			remoteInfo = TutorialSourceTree;
		};
/* End PBXContainerItemProxy section */

/* Begin PBXFileReference section */
		A9A14C731EC30DC5000E28EE /* TutorialSourceTree.app */ = {isa = PBXFileReference; explicitFileType = wrapper.application; includeInIndex = 0; path = TutorialSourceTree.app; sourceTree = BUILT_PRODUCTS_DIR; };
		A9A14C761EC30DC5000E28EE /* AppDelegate.swift */ = {isa = PBXFileReference; lastKnownFileType = sourcecode.swift; path = AppDelegate.swift; sourceTree = "<group>"; };
		A9A14C781EC30DC5000E28EE /* ViewController.swift */ = {isa = PBXFileReference; lastKnownFileType = sourcecode.swift; path = ViewController.swift; sourceTree = "<group>"; };
		A9A14C7B1EC30DC5000E28EE /* Base */ = {isa = PBXFileReference; lastKnownFileType = file.storyboard; name = Base; path = Base.lproj/Main.storyboard; sourceTree = "<group>"; };
		A9A14C7E1EC30DC5000E28EE /* TutorialSourceTree.xcdatamodel */ = {isa = PBXFileReference; lastKnownFileType = wrapper.xcdatamodel; path = TutorialSourceTree.xcdatamodel; sourceTree = "<group>"; };
		A9A14C801EC30DC5000E28EE /* Assets.xcassets */ = {isa = PBXFileReference; lastKnownFileType = folder.assetcatalog; path = Assets.xcassets; sourceTree = "<group>"; };
		A9A14C831EC30DC5000E28EE /* Base */ = {isa = PBXFileReference; lastKnownFileType = file.storyboard; name = Base; path = Base.lproj/LaunchScreen.storyboard; sourceTree = "<group>"; };
		A9A14C851EC30DC5000E28EE /* Info.plist */ = {isa = PBXFileReference; lastKnownFileType = text.plist.xml; path = Info.plist; sourceTree = "<group>"; };
		A9A14C8A1EC30DC5000E28EE /* TutorialSourceTreeTests.xctest */ = {isa = PBXFileReference; explicitFileType = wrapper.cfbundle; includeInIndex = 0; path = TutorialSourceTreeTests.xctest; sourceTree = BUILT_PRODUCTS_DIR; };
		A9A14C8E1EC30DC5000E28EE /* TutorialSourceTreeTests.swift */ = {isa = PBXFileReference; lastKnownFileType = sourcecode.swift; path = TutorialSourceTreeTests.swift; sourceTree = "<group>"; };
		A9A14C901EC30DC5000E28EE /* Info.plist */ = {isa = PBXFileReference; lastKnownFileType = text.plist.xml; path = Info.plist; sourceTree = "<group>"; };
		A9A14C951EC30DC5000E28EE /* TutorialSourceTreeUITests.xctest */ = {isa = PBXFileReference; explicitFileType = wrapper.cfbundle; includeInIndex = 0; path = TutorialSourceTreeUITests.xctest; sourceTree = BUILT_PRODUCTS_DIR; };
		A9A14C991EC30DC5000E28EE /* TutorialSourceTreeUITests.swift */ = {isa = PBXFileReference; lastKnownFileType = sourcecode.swift; path = TutorialSourceTreeUITests.swift; sourceTree = "<group>"; };
		A9A14C9B1EC30DC5000E28EE /* Info.plist */ = {isa = PBXFileReference; lastKnownFileType = text.plist.xml; path = Info.plist; sourceTree = "<group>"; };
/* End PBXFileReference section */

/* Begin PBXFrameworksBuildPhase section */
		A9A14C701EC30DC5000E28EE /* Frameworks */ = {
			isa = PBXFrameworksBuildPhase;
			buildActionMask = 2147483647;
			files = (
			);
			runOnlyForDeploymentPostprocessing = 0;
		};
		A9A14C871EC30DC5000E28EE /* Frameworks */ = {
			isa = PBXFrameworksBuildPhase;
			buildActionMask = 2147483647;
			files = (
			);
			runOnlyForDeploymentPostprocessing = 0;
		};
		A9A14C921EC30DC5000E28EE /* Frameworks */ = {
			isa = PBXFrameworksBuildPhase;
			buildActionMask = 2147483647;
			files = (
			);
			runOnlyForDeploymentPostprocessing = 0;
		};
/* End PBXFrameworksBuildPhase section */

/* Begin PBXGroup section */
		A9A14C6A1EC30DC4000E28EE = {
			isa = PBXGroup;
			children = (
				A9A14C751EC30DC5000E28EE /* TutorialSourceTree */,
				A9A14C8D1EC30DC5000E28EE /* TutorialSourceTreeTests */,
				A9A14C981EC30DC5000E28EE /* TutorialSourceTreeUITests */,
				A9A14C741EC30DC5000E28EE /* Products */,
			);
			sourceTree = "<group>";
		};
		A9A14C741EC30DC5000E28EE /* Products */ = {
			isa = PBXGroup;
			children = (
				A9A14C731EC30DC5000E28EE /* TutorialSourceTree.app */,
				A9A14C8A1EC30DC5000E28EE /* TutorialSourceTreeTests.xctest */,
				A9A14C951EC30DC5000E28EE /* TutorialSourceTreeUITests.xctest */,
			);
			name = Products;
			sourceTree = "<group>";
		};
		A9A14C751EC30DC5000E28EE /* TutorialSourceTree */ = {
			isa = PBXGroup;
			children = (
				A9A14C761EC30DC5000E28EE /* AppDelegate.swift */,
				A9A14C781EC30DC5000E28EE /* ViewController.swift */,
				A9A14C7A1EC30DC5000E28EE /* Main.storyboard */,
				A9A14C801EC30DC5000E28EE /* Assets.xcassets */,
				A9A14C821EC30DC5000E28EE /* LaunchScreen.storyboard */,
				A9A14C851EC30DC5000E28EE /* Info.plist */,
				A9A14C7D1EC30DC5000E28EE /* TutorialSourceTree.xcdatamodeld */,
			);
			path = TutorialSourceTree;
			sourceTree = "<group>";
		};
		A9A14C8D1EC30DC5000E28EE /* TutorialSourceTreeTests */ = {
			isa = PBXGroup;
			children = (
				A9A14C8E1EC30DC5000E28EE /* TutorialSourceTreeTests.swift */,
				A9A14C901EC30DC5000E28EE /* Info.plist */,
			);
			path = TutorialSourceTreeTests;
			sourceTree = "<group>";
		};
		A9A14C981EC30DC5000E28EE /* TutorialSourceTreeUITests */ = {
			isa = PBXGroup;
			children = (
				A9A14C991EC30DC5000E28EE /* TutorialSourceTreeUITests.swift */,
				A9A14C9B1EC30DC5000E28EE /* Info.plist */,
			);
			path = TutorialSourceTreeUITests;
			sourceTree = "<group>";
		};
/* End PBXGroup section */

/* Begin PBXNativeTarget section */
		A9A14C721EC30DC5000E28EE /* TutorialSourceTree */ = {
			isa = PBXNativeTarget;
			buildConfigurationList = A9A14C9E1EC30DC5000E28EE /* Build configuration list for PBXNativeTarget "TutorialSourceTree" */;
			buildPhases = (
				A9A14C6F1EC30DC5000E28EE /* Sources */,
				A9A14C701EC30DC5000E28EE /* Frameworks */,
				A9A14C711EC30DC5000E28EE /* Resources */,
			);
			buildRules = (
			);
			dependencies = (
			);
			name = TutorialSourceTree;
			productName = TutorialSourceTree;
			productReference = A9A14C731EC30DC5000E28EE /* TutorialSourceTree.app */;
			productType = "com.apple.product-type.application";
		};
		A9A14C891EC30DC5000E28EE /* TutorialSourceTreeTests */ = {
			isa = PBXNativeTarget;
			buildConfigurationList = A9A14CA11EC30DC5000E28EE /* Build configuration list for PBXNativeTarget "TutorialSourceTreeTests" */;
			buildPhases = (
				A9A14C861EC30DC5000E28EE /* Sources */,
				A9A14C871EC30DC5000E28EE /* Frameworks */,
				A9A14C881EC30DC5000E28EE /* Resources */,
			);
			buildRules = (
			);
			dependencies = (
				A9A14C8C1EC30DC5000E28EE /* PBXTargetDependency */,
			);
			name = TutorialSourceTreeTests;
			productName = TutorialSourceTreeTests;
			productReference = A9A14C8A1EC30DC5000E28EE /* TutorialSourceTreeTests.xctest */;
			productType = "com.apple.product-type.bundle.unit-test";
		};
		A9A14C941EC30DC5000E28EE /* TutorialSourceTreeUITests */ = {
			isa = PBXNativeTarget;
			buildConfigurationList = A9A14CA41EC30DC5000E28EE /* Build configuration list for PBXNativeTarget "TutorialSourceTreeUITests" */;
			buildPhases = (
				A9A14C911EC30DC5000E28EE /* Sources */,
				A9A14C921EC30DC5000E28EE /* Frameworks */,
				A9A14C931EC30DC5000E28EE /* Resources */,
			);
			buildRules = (
			);
			dependencies = (
				A9A14C971EC30DC5000E28EE /* PBXTargetDependency */,
			);
			name = TutorialSourceTreeUITests;
			productName = TutorialSourceTreeUITests;
			productReference = A9A14C951EC30DC5000E28EE /* TutorialSourceTreeUITests.xctest */;
			productType = "com.apple.product-type.bundle.ui-testing";
		};
/* End PBXNativeTarget section */

/* Begin PBXProject section */
		A9A14C6B1EC30DC5000E28EE /* Project object */ = {
			isa = PBXProject;
			attributes = {
				LastSwiftUpdateCheck = 0830;
				LastUpgradeCheck = 0830;
				ORGANIZATIONNAME = Videona;
				TargetAttributes = {
					A9A14C721EC30DC5000E28EE = {
						CreatedOnToolsVersion = 8.3.1;
						DevelopmentTeam = 98YJ9HU6W9;
						ProvisioningStyle = Automatic;
					};
					A9A14C891EC30DC5000E28EE = {
						CreatedOnToolsVersion = 8.3.1;
						DevelopmentTeam = 98YJ9HU6W9;
						ProvisioningStyle = Automatic;
						TestTargetID = A9A14C721EC30DC5000E28EE;
					};
					A9A14C941EC30DC5000E28EE = {
						CreatedOnToolsVersion = 8.3.1;
						DevelopmentTeam = 98YJ9HU6W9;
						ProvisioningStyle = Automatic;
						TestTargetID = A9A14C721EC30DC5000E28EE;
					};
				};
			};
			buildConfigurationList = A9A14C6E1EC30DC5000E28EE /* Build configuration list for PBXProject "TutorialSourceTree" */;
			compatibilityVersion = "Xcode 3.2";
			developmentRegion = English;
			hasScannedForEncodings = 0;
			knownRegions = (
				en,
				Base,
			);
			mainGroup = A9A14C6A1EC30DC4000E28EE;
			productRefGroup = A9A14C741EC30DC5000E28EE /* Products */;
			projectDirPath = "";
			projectRoot = "";
			targets = (
				A9A14C721EC30DC5000E28EE /* TutorialSourceTree */,
				A9A14C891EC30DC5000E28EE /* TutorialSourceTreeTests */,
				A9A14C941EC30DC5000E28EE /* TutorialSourceTreeUITests */,
			);
		};
/* End PBXProject section */

/* Begin PBXResourcesBuildPhase section */
		A9A14C711EC30DC5000E28EE /* Resources */ = {
			isa = PBXResourcesBuildPhase;
			buildActionMask = 2147483647;
			files = (
				A9A14C841EC30DC5000E28EE /* LaunchScreen.storyboard in Resources */,
				A9A14C811EC30DC5000E28EE /* Assets.xcassets in Resources */,
				A9A14C7C1EC30DC5000E28EE /* Main.storyboard in Resources */,
			);
			runOnlyForDeploymentPostprocessing = 0;
		};
		A9A14C881EC30DC5000E28EE /* Resources */ = {
			isa = PBXResourcesBuildPhase;
			buildActionMask = 2147483647;
			files = (
			);
			runOnlyForDeploymentPostprocessing = 0;
		};
		A9A14C931EC30DC5000E28EE /* Resources */ = {
			isa = PBXResourcesBuildPhase;
			buildActionMask = 2147483647;
			files = (
			);
			runOnlyForDeploymentPostprocessing = 0;
		};
/* End PBXResourcesBuildPhase section */

/* Begin PBXSourcesBuildPhase section */
		A9A14C6F1EC30DC5000E28EE /* Sources */ = {
			isa = PBXSourcesBuildPhase;
			buildActionMask = 2147483647;
			files = (
				A9A14C791EC30DC5000E28EE /* ViewController.swift in Sources */,
				A9A14C7F1EC30DC5000E28EE /* TutorialSourceTree.xcdatamodeld in Sources */,
				A9A14C771EC30DC5000E28EE /* AppDelegate.swift in Sources */,
			);
			runOnlyForDeploymentPostprocessing = 0;
		};
		A9A14C861EC30DC5000E28EE /* Sources */ = {
			isa = PBXSourcesBuildPhase;
			buildActionMask = 2147483647;
			files = (
				A9A14C8F1EC30DC5000E28EE /* TutorialSourceTreeTests.swift in Sources */,
			);
			runOnlyForDeploymentPostprocessing = 0;
		};
		A9A14C911EC30DC5000E28EE /* Sources */ = {
			isa = PBXSourcesBuildPhase;
			buildActionMask = 2147483647;
			files = (
				A9A14C9A1EC30DC5000E28EE /* TutorialSourceTreeUITests.swift in Sources */,
			);
			runOnlyForDeploymentPostprocessing = 0;
		};
/* End PBXSourcesBuildPhase section */

/* Begin PBXTargetDependency section */
		A9A14C8C1EC30DC5000E28EE /* PBXTargetDependency */ = {
			isa = PBXTargetDependency;
			target = A9A14C721EC30DC5000E28EE /* TutorialSourceTree */;
			targetProxy = A9A14C8B1EC30DC5000E28EE /* PBXContainerItemProxy */;
		};
		A9A14C971EC30DC5000E28EE /* PBXTargetDependency */ = {
			isa = PBXTargetDependency;
			target = A9A14C721EC30DC5000E28EE /* TutorialSourceTree */;
			targetProxy = A9A14C961EC30DC5000E28EE /* PBXContainerItemProxy */;
		};
/* End PBXTargetDependency section */

/* Begin PBXVariantGroup section */
		A9A14C7A1EC30DC5000E28EE /* Main.storyboard */ = {
			isa = PBXVariantGroup;
			children = (
				A9A14C7B1EC30DC5000E28EE /* Base */,
			);
			name = Main.storyboard;
			sourceTree = "<group>";
		};
		A9A14C821EC30DC5000E28EE /* LaunchScreen.storyboard */ = {
			isa = PBXVariantGroup;
			children = (
				A9A14C831EC30DC5000E28EE /* Base */,
			);
			name = LaunchScreen.storyboard;
			sourceTree = "<group>";
		};
/* End PBXVariantGroup section */

/* Begin XCBuildConfiguration section */
		A9A14C9C1EC30DC5000E28EE /* Debug */ = {
			isa = XCBuildConfiguration;
			buildSettings = {
				ALWAYS_SEARCH_USER_PATHS = NO;
				CLANG_ANALYZER_NONNULL = YES;
				CLANG_ANALYZER_NUMBER_OBJECT_CONVERSION = YES_AGGRESSIVE;
				CLANG_CXX_LANGUAGE_STANDARD = "gnu++0x";
				CLANG_CXX_LIBRARY = "libc++";
				CLANG_ENABLE_MODULES = YES;
				CLANG_ENABLE_OBJC_ARC = YES;
				CLANG_WARN_BOOL_CONVERSION = YES;
				CLANG_WARN_CONSTANT_CONVERSION = YES;
				CLANG_WARN_DIRECT_OBJC_ISA_USAGE = YES_ERROR;
				CLANG_WARN_DOCUMENTATION_COMMENTS = YES;
				CLANG_WARN_EMPTY_BODY = YES;
				CLANG_WARN_ENUM_CONVERSION = YES;
				CLANG_WARN_INFINITE_RECURSION = YES;
				CLANG_WARN_INT_CONVERSION = YES;
				CLANG_WARN_OBJC_ROOT_CLASS = YES_ERROR;
				CLANG_WARN_SUSPICIOUS_MOVE = YES;
				CLANG_WARN_UNREACHABLE_CODE = YES;
				CLANG_WARN__DUPLICATE_METHOD_MATCH = YES;
				"CODE_SIGN_IDENTITY[sdk=iphoneos*]" = "iPhone Developer";
				COPY_PHASE_STRIP = NO;
				DEBUG_INFORMATION_FORMAT = dwarf;
				ENABLE_STRICT_OBJC_MSGSEND = YES;
				ENABLE_TESTABILITY = YES;
				GCC_C_LANGUAGE_STANDARD = gnu99;
				GCC_DYNAMIC_NO_PIC = NO;
				GCC_NO_COMMON_BLOCKS = YES;
				GCC_OPTIMIZATION_LEVEL = 0;
				GCC_PREPROCESSOR_DEFINITIONS = (
					"DEBUG=1",
					"$(inherited)",
				);
				GCC_WARN_64_TO_32_BIT_CONVERSION = YES;
				GCC_WARN_ABOUT_RETURN_TYPE = YES_ERROR;
				GCC_WARN_UNDECLARED_SELECTOR = YES;
				GCC_WARN_UNINITIALIZED_AUTOS = YES_AGGRESSIVE;
				GCC_WARN_UNUSED_FUNCTION = YES;
				GCC_WARN_UNUSED_VARIABLE = YES;
				IPHONEOS_DEPLOYMENT_TARGET = 10.3;
				MTL_ENABLE_DEBUG_INFO = YES;
				ONLY_ACTIVE_ARCH = YES;
				SDKROOT = iphoneos;
				SWIFT_ACTIVE_COMPILATION_CONDITIONS = DEBUG;
				SWIFT_OPTIMIZATION_LEVEL = "-Onone";
			};
			name = Debug;
		};
		A9A14C9D1EC30DC5000E28EE /* Release */ = {
			isa = XCBuildConfiguration;
			buildSettings = {
				ALWAYS_SEARCH_USER_PATHS = NO;
				CLANG_ANALYZER_NONNULL = YES;
				CLANG_ANALYZER_NUMBER_OBJECT_CONVERSION = YES_AGGRESSIVE;
				CLANG_CXX_LANGUAGE_STANDARD = "gnu++0x";
				CLANG_CXX_LIBRARY = "libc++";
				CLANG_ENABLE_MODULES = YES;
				CLANG_ENABLE_OBJC_ARC = YES;
				CLANG_WARN_BOOL_CONVERSION = YES;
				CLANG_WARN_CONSTANT_CONVERSION = YES;
				CLANG_WARN_DIRECT_OBJC_ISA_USAGE = YES_ERROR;
				CLANG_WARN_DOCUMENTATION_COMMENTS = YES;
				CLANG_WARN_EMPTY_BODY = YES;
				CLANG_WARN_ENUM_CONVERSION = YES;
				CLANG_WARN_INFINITE_RECURSION = YES;
				CLANG_WARN_INT_CONVERSION = YES;
				CLANG_WARN_OBJC_ROOT_CLASS = YES_ERROR;
				CLANG_WARN_SUSPICIOUS_MOVE = YES;
				CLANG_WARN_UNREACHABLE_CODE = YES;
				CLANG_WARN__DUPLICATE_METHOD_MATCH = YES;
				"CODE_SIGN_IDENTITY[sdk=iphoneos*]" = "iPhone Developer";
				COPY_PHASE_STRIP = NO;
				DEBUG_INFORMATION_FORMAT = "dwarf-with-dsym";
				ENABLE_NS_ASSERTIONS = NO;
				ENABLE_STRICT_OBJC_MSGSEND = YES;
				GCC_C_LANGUAGE_STANDARD = gnu99;
				GCC_NO_COMMON_BLOCKS = YES;
				GCC_WARN_64_TO_32_BIT_CONVERSION = YES;
				GCC_WARN_ABOUT_RETURN_TYPE = YES_ERROR;
				GCC_WARN_UNDECLARED_SELECTOR = YES;
				GCC_WARN_UNINITIALIZED_AUTOS = YES_AGGRESSIVE;
				GCC_WARN_UNUSED_FUNCTION = YES;
				GCC_WARN_UNUSED_VARIABLE = YES;
				IPHONEOS_DEPLOYMENT_TARGET = 10.3;
				MTL_ENABLE_DEBUG_INFO = NO;
				SDKROOT = iphoneos;
				SWIFT_OPTIMIZATION_LEVEL = "-Owholemodule";
				VALIDATE_PRODUCT = YES;
			};
			name = Release;
		};
		A9A14C9F1EC30DC5000E28EE /* Debug */ = {
			isa = XCBuildConfiguration;
			buildSettings = {
				ASSETCATALOG_COMPILER_APPICON_NAME = AppIcon;
				DEVELOPMENT_TEAM = 98YJ9HU6W9;
				INFOPLIST_FILE = TutorialSourceTree/Info.plist;
				LD_RUNPATH_SEARCH_PATHS = "$(inherited) @executable_path/Frameworks";
				PRODUCT_BUNDLE_IDENTIFIER = com.vimojo.TutorialSourceTree;
				PRODUCT_NAME = "$(TARGET_NAME)";
				SWIFT_VERSION = 3.0;
			};
			name = Debug;
		};
		A9A14CA01EC30DC5000E28EE /* Release */ = {
			isa = XCBuildConfiguration;
			buildSettings = {
				ASSETCATALOG_COMPILER_APPICON_NAME = AppIcon;
				DEVELOPMENT_TEAM = 98YJ9HU6W9;
				INFOPLIST_FILE = TutorialSourceTree/Info.plist;
				LD_RUNPATH_SEARCH_PATHS = "$(inherited) @executable_path/Frameworks";
				PRODUCT_BUNDLE_IDENTIFIER = com.vimojo.TutorialSourceTree;
				PRODUCT_NAME = "$(TARGET_NAME)";
				SWIFT_VERSION = 3.0;
			};
			name = Release;
		};
		A9A14CA21EC30DC5000E28EE /* Debug */ = {
			isa = XCBuildConfiguration;
			buildSettings = {
				ALWAYS_EMBED_SWIFT_STANDARD_LIBRARIES = YES;
				BUNDLE_LOADER = "$(TEST_HOST)";
				DEVELOPMENT_TEAM = 98YJ9HU6W9;
				INFOPLIST_FILE = TutorialSourceTreeTests/Info.plist;
				LD_RUNPATH_SEARCH_PATHS = "$(inherited) @executable_path/Frameworks @loader_path/Frameworks";
				PRODUCT_BUNDLE_IDENTIFIER = com.vimojo.TutorialSourceTreeTests;
				PRODUCT_NAME = "$(TARGET_NAME)";
				SWIFT_VERSION = 3.0;
				TEST_HOST = "$(BUILT_PRODUCTS_DIR)/TutorialSourceTree.app/TutorialSourceTree";
			};
			name = Debug;
		};
		A9A14CA31EC30DC5000E28EE /* Release */ = {
			isa = XCBuildConfiguration;
			buildSettings = {
				ALWAYS_EMBED_SWIFT_STANDARD_LIBRARIES = YES;
				BUNDLE_LOADER = "$(TEST_HOST)";
				DEVELOPMENT_TEAM = 98YJ9HU6W9;
				INFOPLIST_FILE = TutorialSourceTreeTests/Info.plist;
				LD_RUNPATH_SEARCH_PATHS = "$(inherited) @executable_path/Frameworks @loader_path/Frameworks";
				PRODUCT_BUNDLE_IDENTIFIER = com.vimojo.TutorialSourceTreeTests;
				PRODUCT_NAME = "$(TARGET_NAME)";
				SWIFT_VERSION = 3.0;
				TEST_HOST = "$(BUILT_PRODUCTS_DIR)/TutorialSourceTree.app/TutorialSourceTree";
			};
			name = Release;
		};
		A9A14CA51EC30DC5000E28EE /* Debug */ = {
			isa = XCBuildConfiguration;
			buildSettings = {
				ALWAYS_EMBED_SWIFT_STANDARD_LIBRARIES = YES;
				DEVELOPMENT_TEAM = 98YJ9HU6W9;
				INFOPLIST_FILE = TutorialSourceTreeUITests/Info.plist;
				LD_RUNPATH_SEARCH_PATHS = "$(inherited) @executable_path/Frameworks @loader_path/Frameworks";
				PRODUCT_BUNDLE_IDENTIFIER = com.vimojo.TutorialSourceTreeUITests;
				PRODUCT_NAME = "$(TARGET_NAME)";
				SWIFT_VERSION = 3.0;
				TEST_TARGET_NAME = TutorialSourceTree;
			};
			name = Debug;
		};
		A9A14CA61EC30DC5000E28EE /* Release */ = {
			isa = XCBuildConfiguration;
			buildSettings = {
				ALWAYS_EMBED_SWIFT_STANDARD_LIBRARIES = YES;
				DEVELOPMENT_TEAM = 98YJ9HU6W9;
				INFOPLIST_FILE = TutorialSourceTreeUITests/Info.plist;
				LD_RUNPATH_SEARCH_PATHS = "$(inherited) @executable_path/Frameworks @loader_path/Frameworks";
				PRODUCT_BUNDLE_IDENTIFIER = com.vimojo.TutorialSourceTreeUITests;
				PRODUCT_NAME = "$(TARGET_NAME)";
				SWIFT_VERSION = 3.0;
				TEST_TARGET_NAME = TutorialSourceTree;
			};
			name = Release;
		};
/* End XCBuildConfiguration section */

/* Begin XCConfigurationList section */
		A9A14C6E1EC30DC5000E28EE /* Build configuration list for PBXProject "TutorialSourceTree" */ = {
			isa = XCConfigurationList;
			buildConfigurations = (
				A9A14C9C1EC30DC5000E28EE /* Debug */,
				A9A14C9D1EC30DC5000E28EE /* Release */,
			);
			defaultConfigurationIsVisible = 0;
			defaultConfigurationName = Release;
		};
		A9A14C9E1EC30DC5000E28EE /* Build configuration list for PBXNativeTarget "TutorialSourceTree" */ = {
			isa = XCConfigurationList;
			buildConfigurations = (
				A9A14C9F1EC30DC5000E28EE /* Debug */,
				A9A14CA01EC30DC5000E28EE /* Release */,
			);
			defaultConfigurationIsVisible = 0;
		};
		A9A14CA11EC30DC5000E28EE /* Build configuration list for PBXNativeTarget "TutorialSourceTreeTests" */ = {
			isa = XCConfigurationList;
			buildConfigurations = (
				A9A14CA21EC30DC5000E28EE /* Debug */,
				A9A14CA31EC30DC5000E28EE /* Release */,
			);
			defaultConfigurationIsVisible = 0;
		};
		A9A14CA41EC30DC5000E28EE /* Build configuration list for PBXNativeTarget "TutorialSourceTreeUITests" */ = {
			isa = XCConfigurationList;
			buildConfigurations = (
				A9A14CA51EC30DC5000E28EE /* Debug */,
				A9A14CA61EC30DC5000E28EE /* Release */,
			);
			defaultConfigurationIsVisible = 0;
		};
/* End XCConfigurationList section */

/* Begin XCVersionGroup section */
		A9A14C7D1EC30DC5000E28EE /* TutorialSourceTree.xcdatamodeld */ = {
			isa = XCVersionGroup;
			children = (
				A9A14C7E1EC30DC5000E28EE /* TutorialSourceTree.xcdatamodel */,
			);
			currentVersion = A9A14C7E1EC30DC5000E28EE /* TutorialSourceTree.xcdatamodel */;
			path = TutorialSourceTree.xcdatamodeld;
			sourceTree = "<group>";
			versionGroupType = wrapper.xcdatamodel;
		};
/* End XCVersionGroup section */
	};
	rootObject = A9A14C6B1EC30DC5000E28EE /* Project object */;
}
